// !$*UTF8*$!
{
	archiveVersion = 1;
	classes = {
	};
	objectVersion = 50;
	objects = {

/* Begin PBXBuildFile section */
		CC743077253255530041D3FB /* ComicListScreenTypes.swift in Sources */ = {isa = PBXBuildFile; fileRef = CC743076253255530041D3FB /* ComicListScreenTypes.swift */; };
		CC74307C2532563E0041D3FB /* ComicListScreenRouter.swift in Sources */ = {isa = PBXBuildFile; fileRef = CC74307B2532563E0041D3FB /* ComicListScreenRouter.swift */; };
		CC74307F2532571E0041D3FB /* ComicListScreenStoryboard.storyboard in Resources */ = {isa = PBXBuildFile; fileRef = CC74307E2532571E0041D3FB /* ComicListScreenStoryboard.storyboard */; };
		CC743082253257360041D3FB /* ComicListScreenViewController.swift in Sources */ = {isa = PBXBuildFile; fileRef = CC743081253257360041D3FB /* ComicListScreenViewController.swift */; };
		CC99789C253240890071EFCD /* AppDelegate.swift in Sources */ = {isa = PBXBuildFile; fileRef = CC99789B253240890071EFCD /* AppDelegate.swift */; };
		CC99789E253240890071EFCD /* SceneDelegate.swift in Sources */ = {isa = PBXBuildFile; fileRef = CC99789D253240890071EFCD /* SceneDelegate.swift */; };
		CC9978A52532408C0071EFCD /* Assets.xcassets in Resources */ = {isa = PBXBuildFile; fileRef = CC9978A42532408C0071EFCD /* Assets.xcassets */; };
		CC9978A82532408C0071EFCD /* LaunchScreen.storyboard in Resources */ = {isa = PBXBuildFile; fileRef = CC9978A62532408C0071EFCD /* LaunchScreen.storyboard */; };
/* End PBXBuildFile section */

/* Begin PBXFileReference section */
		CC743076253255530041D3FB /* ComicListScreenTypes.swift */ = {isa = PBXFileReference; lastKnownFileType = sourcecode.swift; path = ComicListScreenTypes.swift; sourceTree = "<group>"; };
		CC74307B2532563E0041D3FB /* ComicListScreenRouter.swift */ = {isa = PBXFileReference; lastKnownFileType = sourcecode.swift; path = ComicListScreenRouter.swift; sourceTree = "<group>"; };
		CC74307E2532571E0041D3FB /* ComicListScreenStoryboard.storyboard */ = {isa = PBXFileReference; lastKnownFileType = file.storyboard; path = ComicListScreenStoryboard.storyboard; sourceTree = "<group>"; };
		CC743081253257360041D3FB /* ComicListScreenViewController.swift */ = {isa = PBXFileReference; lastKnownFileType = sourcecode.swift; path = ComicListScreenViewController.swift; sourceTree = "<group>"; };
		CC997898253240890071EFCD /* xkcd Comics.app */ = {isa = PBXFileReference; explicitFileType = wrapper.application; includeInIndex = 0; path = "xkcd Comics.app"; sourceTree = BUILT_PRODUCTS_DIR; };
		CC99789B253240890071EFCD /* AppDelegate.swift */ = {isa = PBXFileReference; lastKnownFileType = sourcecode.swift; path = AppDelegate.swift; sourceTree = "<group>"; };
		CC99789D253240890071EFCD /* SceneDelegate.swift */ = {isa = PBXFileReference; lastKnownFileType = sourcecode.swift; path = SceneDelegate.swift; sourceTree = "<group>"; };
		CC9978A42532408C0071EFCD /* Assets.xcassets */ = {isa = PBXFileReference; lastKnownFileType = folder.assetcatalog; path = Assets.xcassets; sourceTree = "<group>"; };
		CC9978A72532408C0071EFCD /* Base */ = {isa = PBXFileReference; lastKnownFileType = file.storyboard; name = Base; path = Base.lproj/LaunchScreen.storyboard; sourceTree = "<group>"; };
		CC9978A92532408C0071EFCD /* Info.plist */ = {isa = PBXFileReference; lastKnownFileType = text.plist.xml; path = Info.plist; sourceTree = "<group>"; };
/* End PBXFileReference section */

/* Begin PBXFrameworksBuildPhase section */
		CC997895253240890071EFCD /* Frameworks */ = {
			isa = PBXFrameworksBuildPhase;
			buildActionMask = 2147483647;
			files = (
			);
			runOnlyForDeploymentPostprocessing = 0;
		};
/* End PBXFrameworksBuildPhase section */

/* Begin PBXGroup section */
		CC74306D253245F70041D3FB /* Screens */ = {
			isa = PBXGroup;
			children = (
				CC743071253254D60041D3FB /* ComicListScreen */,
			);
			path = Screens;
			sourceTree = "<group>";
		};
		CC743071253254D60041D3FB /* ComicListScreen */ = {
			isa = PBXGroup;
			children = (
				CC743076253255530041D3FB /* ComicListScreenTypes.swift */,
				CC7430752532553E0041D3FB /* View */,
				CC743074253255360041D3FB /* Interactor */,
				CC7430732532552C0041D3FB /* Presenter */,
				CC743072253255190041D3FB /* Router */,
			);
			path = ComicListScreen;
			sourceTree = "<group>";
		};
		CC743072253255190041D3FB /* Router */ = {
			isa = PBXGroup;
			children = (
				CC74307B2532563E0041D3FB /* ComicListScreenRouter.swift */,
			);
			path = Router;
			sourceTree = "<group>";
		};
		CC7430732532552C0041D3FB /* Presenter */ = {
			isa = PBXGroup;
			children = (
			);
			path = Presenter;
			sourceTree = "<group>";
		};
		CC743074253255360041D3FB /* Interactor */ = {
			isa = PBXGroup;
			children = (
			);
			path = Interactor;
			sourceTree = "<group>";
		};
		CC7430752532553E0041D3FB /* View */ = {
			isa = PBXGroup;
			children = (
				CC74307E2532571E0041D3FB /* ComicListScreenStoryboard.storyboard */,
				CC743081253257360041D3FB /* ComicListScreenViewController.swift */,
			);
			path = View;
			sourceTree = "<group>";
		};
		CC99788F253240890071EFCD = {
			isa = PBXGroup;
			children = (
				CC99789A253240890071EFCD /* xkcd Comics */,
				CC997899253240890071EFCD /* Products */,
			);
			sourceTree = "<group>";
		};
		CC997899253240890071EFCD /* Products */ = {
			isa = PBXGroup;
			children = (
				CC997898253240890071EFCD /* xkcd Comics.app */,
			);
			name = Products;
			sourceTree = "<group>";
		};
		CC99789A253240890071EFCD /* xkcd Comics */ = {
			isa = PBXGroup;
			children = (
				CC74306D253245F70041D3FB /* Screens */,
				CC99789B253240890071EFCD /* AppDelegate.swift */,
				CC99789D253240890071EFCD /* SceneDelegate.swift */,
				CC9978A42532408C0071EFCD /* Assets.xcassets */,
				CC9978A62532408C0071EFCD /* LaunchScreen.storyboard */,
				CC9978A92532408C0071EFCD /* Info.plist */,
			);
			path = "xkcd Comics";
			sourceTree = "<group>";
		};
/* End PBXGroup section */

/* Begin PBXNativeTarget section */
		CC997897253240890071EFCD /* xkcd Comics */ = {
			isa = PBXNativeTarget;
			buildConfigurationList = CC9978AC2532408C0071EFCD /* Build configuration list for PBXNativeTarget "xkcd Comics" */;
			buildPhases = (
				CC997894253240890071EFCD /* Sources */,
				CC997895253240890071EFCD /* Frameworks */,
				CC997896253240890071EFCD /* Resources */,
			);
			buildRules = (
			);
			dependencies = (
			);
			name = "xkcd Comics";
			productName = "xkcd Comics";
			productReference = CC997898253240890071EFCD /* xkcd Comics.app */;
			productType = "com.apple.product-type.application";
		};
/* End PBXNativeTarget section */

/* Begin PBXProject section */
		CC997890253240890071EFCD /* Project object */ = {
			isa = PBXProject;
			attributes = {
				LastSwiftUpdateCheck = 1200;
				LastUpgradeCheck = 1200;
				TargetAttributes = {
					CC997897253240890071EFCD = {
						CreatedOnToolsVersion = 12.0.1;
					};
				};
			};
			buildConfigurationList = CC997893253240890071EFCD /* Build configuration list for PBXProject "xkcd Comics" */;
			compatibilityVersion = "Xcode 9.3";
			developmentRegion = en;
			hasScannedForEncodings = 0;
			knownRegions = (
				en,
				Base,
			);
			mainGroup = CC99788F253240890071EFCD;
			productRefGroup = CC997899253240890071EFCD /* Products */;
			projectDirPath = "";
			projectRoot = "";
			targets = (
				CC997897253240890071EFCD /* xkcd Comics */,
			);
		};
/* End PBXProject section */

/* Begin PBXResourcesBuildPhase section */
		CC997896253240890071EFCD /* Resources */ = {
			isa = PBXResourcesBuildPhase;
			buildActionMask = 2147483647;
			files = (
				CC74307F2532571E0041D3FB /* ComicListScreenStoryboard.storyboard in Resources */,
				CC9978A82532408C0071EFCD /* LaunchScreen.storyboard in Resources */,
				CC9978A52532408C0071EFCD /* Assets.xcassets in Resources */,
			);
			runOnlyForDeploymentPostprocessing = 0;
		};
/* End PBXResourcesBuildPhase section */

/* Begin PBXSourcesBuildPhase section */
		CC997894253240890071EFCD /* Sources */ = {
			isa = PBXSourcesBuildPhase;
			buildActionMask = 2147483647;
			files = (
				CC99789C253240890071EFCD /* AppDelegate.swift in Sources */,
				CC99789E253240890071EFCD /* SceneDelegate.swift in Sources */,
				CC74307C2532563E0041D3FB /* ComicListScreenRouter.swift in Sources */,
				CC743082253257360041D3FB /* ComicListScreenViewController.swift in Sources */,
				CC743077253255530041D3FB /* ComicListScreenTypes.swift in Sources */,
			);
			runOnlyForDeploymentPostprocessing = 0;
		};
/* End PBXSourcesBuildPhase section */

/* Begin PBXVariantGroup section */
		CC9978A62532408C0071EFCD /* LaunchScreen.storyboard */ = {
			isa = PBXVariantGroup;
			children = (
				CC9978A72532408C0071EFCD /* Base */,
			);
			name = LaunchScreen.storyboard;
			sourceTree = "<group>";
		};
/* End PBXVariantGroup section */

/* Begin XCBuildConfiguration section */
		CC9978AA2532408C0071EFCD /* Debug */ = {
			isa = XCBuildConfiguration;
			buildSettings = {
				ALWAYS_SEARCH_USER_PATHS = NO;
				CLANG_ANALYZER_NONNULL = YES;
				CLANG_ANALYZER_NUMBER_OBJECT_CONVERSION = YES_AGGRESSIVE;
				CLANG_CXX_LANGUAGE_STANDARD = "gnu++14";
				CLANG_CXX_LIBRARY = "libc++";
				CLANG_ENABLE_MODULES = YES;
				CLANG_ENABLE_OBJC_ARC = YES;
				CLANG_ENABLE_OBJC_WEAK = YES;
				CLANG_WARN_BLOCK_CAPTURE_AUTORELEASING = YES;
				CLANG_WARN_BOOL_CONVERSION = YES;
				CLANG_WARN_COMMA = YES;
				CLANG_WARN_CONSTANT_CONVERSION = YES;
				CLANG_WARN_DEPRECATED_OBJC_IMPLEMENTATIONS = YES;
				CLANG_WARN_DIRECT_OBJC_ISA_USAGE = YES_ERROR;
				CLANG_WARN_DOCUMENTATION_COMMENTS = YES;
				CLANG_WARN_EMPTY_BODY = YES;
				CLANG_WARN_ENUM_CONVERSION = YES;
				CLANG_WARN_INFINITE_RECURSION = YES;
				CLANG_WARN_INT_CONVERSION = YES;
				CLANG_WARN_NON_LITERAL_NULL_CONVERSION = YES;
				CLANG_WARN_OBJC_IMPLICIT_RETAIN_SELF = YES;
				CLANG_WARN_OBJC_LITERAL_CONVERSION = YES;
				CLANG_WARN_OBJC_ROOT_CLASS = YES_ERROR;
				CLANG_WARN_QUOTED_INCLUDE_IN_FRAMEWORK_HEADER = YES;
				CLANG_WARN_RANGE_LOOP_ANALYSIS = YES;
				CLANG_WARN_STRICT_PROTOTYPES = YES;
				CLANG_WARN_SUSPICIOUS_MOVE = YES;
				CLANG_WARN_UNGUARDED_AVAILABILITY = YES_AGGRESSIVE;
				CLANG_WARN_UNREACHABLE_CODE = YES;
				CLANG_WARN__DUPLICATE_METHOD_MATCH = YES;
				COPY_PHASE_STRIP = NO;
				DEBUG_INFORMATION_FORMAT = dwarf;
				ENABLE_STRICT_OBJC_MSGSEND = YES;
				ENABLE_TESTABILITY = YES;
				GCC_C_LANGUAGE_STANDARD = gnu11;
				GCC_DYNAMIC_NO_PIC = NO;
				GCC_NO_COMMON_BLOCKS = YES;
				GCC_OPTIMIZATION_LEVEL = 0;
				GCC_PREPROCESSOR_DEFINITIONS = (
					"DEBUG=1",
					"$(inherited)",
				);
				GCC_WARN_64_TO_32_BIT_CONVERSION = YES;
				GCC_WARN_ABOUT_RETURN_TYPE = YES_ERROR;
				GCC_WARN_UNDECLARED_SELECTOR = YES;
				GCC_WARN_UNINITIALIZED_AUTOS = YES_AGGRESSIVE;
				GCC_WARN_UNUSED_FUNCTION = YES;
				GCC_WARN_UNUSED_VARIABLE = YES;
				IPHONEOS_DEPLOYMENT_TARGET = 14.0;
				MTL_ENABLE_DEBUG_INFO = INCLUDE_SOURCE;
				MTL_FAST_MATH = YES;
				ONLY_ACTIVE_ARCH = YES;
				SDKROOT = iphoneos;
				SWIFT_ACTIVE_COMPILATION_CONDITIONS = DEBUG;
				SWIFT_OPTIMIZATION_LEVEL = "-Onone";
			};
			name = Debug;
		};
		CC9978AB2532408C0071EFCD /* Release */ = {
			isa = XCBuildConfiguration;
			buildSettings = {
				ALWAYS_SEARCH_USER_PATHS = NO;
				CLANG_ANALYZER_NONNULL = YES;
				CLANG_ANALYZER_NUMBER_OBJECT_CONVERSION = YES_AGGRESSIVE;
				CLANG_CXX_LANGUAGE_STANDARD = "gnu++14";
				CLANG_CXX_LIBRARY = "libc++";
				CLANG_ENABLE_MODULES = YES;
				CLANG_ENABLE_OBJC_ARC = YES;
				CLANG_ENABLE_OBJC_WEAK = YES;
				CLANG_WARN_BLOCK_CAPTURE_AUTORELEASING = YES;
				CLANG_WARN_BOOL_CONVERSION = YES;
				CLANG_WARN_COMMA = YES;
				CLANG_WARN_CONSTANT_CONVERSION = YES;
				CLANG_WARN_DEPRECATED_OBJC_IMPLEMENTATIONS = YES;
				CLANG_WARN_DIRECT_OBJC_ISA_USAGE = YES_ERROR;
				CLANG_WARN_DOCUMENTATION_COMMENTS = YES;
				CLANG_WARN_EMPTY_BODY = YES;
				CLANG_WARN_ENUM_CONVERSION = YES;
				CLANG_WARN_INFINITE_RECURSION = YES;
				CLANG_WARN_INT_CONVERSION = YES;
				CLANG_WARN_NON_LITERAL_NULL_CONVERSION = YES;
				CLANG_WARN_OBJC_IMPLICIT_RETAIN_SELF = YES;
				CLANG_WARN_OBJC_LITERAL_CONVERSION = YES;
				CLANG_WARN_OBJC_ROOT_CLASS = YES_ERROR;
				CLANG_WARN_QUOTED_INCLUDE_IN_FRAMEWORK_HEADER = YES;
				CLANG_WARN_RANGE_LOOP_ANALYSIS = YES;
				CLANG_WARN_STRICT_PROTOTYPES = YES;
				CLANG_WARN_SUSPICIOUS_MOVE = YES;
				CLANG_WARN_UNGUARDED_AVAILABILITY = YES_AGGRESSIVE;
				CLANG_WARN_UNREACHABLE_CODE = YES;
				CLANG_WARN__DUPLICATE_METHOD_MATCH = YES;
				COPY_PHASE_STRIP = NO;
				DEBUG_INFORMATION_FORMAT = "dwarf-with-dsym";
				ENABLE_NS_ASSERTIONS = NO;
				ENABLE_STRICT_OBJC_MSGSEND = YES;
				GCC_C_LANGUAGE_STANDARD = gnu11;
				GCC_NO_COMMON_BLOCKS = YES;
				GCC_WARN_64_TO_32_BIT_CONVERSION = YES;
				GCC_WARN_ABOUT_RETURN_TYPE = YES_ERROR;
				GCC_WARN_UNDECLARED_SELECTOR = YES;
				GCC_WARN_UNINITIALIZED_AUTOS = YES_AGGRESSIVE;
				GCC_WARN_UNUSED_FUNCTION = YES;
				GCC_WARN_UNUSED_VARIABLE = YES;
				IPHONEOS_DEPLOYMENT_TARGET = 14.0;
				MTL_ENABLE_DEBUG_INFO = NO;
				MTL_FAST_MATH = YES;
				SDKROOT = iphoneos;
				SWIFT_COMPILATION_MODE = wholemodule;
				SWIFT_OPTIMIZATION_LEVEL = "-O";
				VALIDATE_PRODUCT = YES;
			};
			name = Release;
		};
		CC9978AD2532408C0071EFCD /* Debug */ = {
			isa = XCBuildConfiguration;
			buildSettings = {
				ASSETCATALOG_COMPILER_APPICON_NAME = AppIcon;
				ASSETCATALOG_COMPILER_GLOBAL_ACCENT_COLOR_NAME = AccentColor;
				CODE_SIGN_STYLE = Automatic;
				DEVELOPMENT_TEAM = 938SKSW69G;
				INFOPLIST_FILE = "xkcd Comics/Info.plist";
				LD_RUNPATH_SEARCH_PATHS = (
					"$(inherited)",
					"@executable_path/Frameworks",
				);
				PRODUCT_BUNDLE_IDENTIFIER = "no.knutvalen.xkcd-Comics";
				PRODUCT_NAME = "$(TARGET_NAME)";
				SWIFT_VERSION = 5.0;
				TARGETED_DEVICE_FAMILY = "1,2";
			};
			name = Debug;
		};
		CC9978AE2532408C0071EFCD /* Release */ = {
			isa = XCBuildConfiguration;
			buildSettings = {
				ASSETCATALOG_COMPILER_APPICON_NAME = AppIcon;
				ASSETCATALOG_COMPILER_GLOBAL_ACCENT_COLOR_NAME = AccentColor;
				CODE_SIGN_STYLE = Automatic;
				DEVELOPMENT_TEAM = 938SKSW69G;
				INFOPLIST_FILE = "xkcd Comics/Info.plist";
				LD_RUNPATH_SEARCH_PATHS = (
					"$(inherited)",
					"@executable_path/Frameworks",
				);
				PRODUCT_BUNDLE_IDENTIFIER = "no.knutvalen.xkcd-Comics";
				PRODUCT_NAME = "$(TARGET_NAME)";
				SWIFT_VERSION = 5.0;
				TARGETED_DEVICE_FAMILY = "1,2";
			};
			name = Release;
		};
/* End XCBuildConfiguration section */

/* Begin XCConfigurationList section */
		CC997893253240890071EFCD /* Build configuration list for PBXProject "xkcd Comics" */ = {
			isa = XCConfigurationList;
			buildConfigurations = (
				CC9978AA2532408C0071EFCD /* Debug */,
				CC9978AB2532408C0071EFCD /* Release */,
			);
			defaultConfigurationIsVisible = 0;
			defaultConfigurationName = Release;
		};
		CC9978AC2532408C0071EFCD /* Build configuration list for PBXNativeTarget "xkcd Comics" */ = {
			isa = XCConfigurationList;
			buildConfigurations = (
				CC9978AD2532408C0071EFCD /* Debug */,
				CC9978AE2532408C0071EFCD /* Release */,
			);
			defaultConfigurationIsVisible = 0;
			defaultConfigurationName = Release;
		};
/* End XCConfigurationList section */
	};
	rootObject = CC997890253240890071EFCD /* Project object */;
}
